// !$*UTF8*$!
{
	archiveVersion = 1;
	classes = {
	};
	objectVersion = 77;
	objects = {

/* Begin PBXBuildFile section */
		AC35851D2CBA04EE00C669E0 /* ClarityScout Extension.appex in Embed Foundation Extensions */ = {isa = PBXBuildFile; fileRef = AC35851C2CBA04EE00C669E0 /* ClarityScout Extension.appex */; settings = {ATTRIBUTES = (RemoveHeadersOnCopy, ); }; };
		AC3585272CBA04EE00C669E0 /* ClarityScout Extension.appex in Embed Foundation Extensions */ = {isa = PBXBuildFile; fileRef = AC3585262CBA04EE00C669E0 /* ClarityScout Extension.appex */; settings = {ATTRIBUTES = (RemoveHeadersOnCopy, ); }; };
/* End PBXBuildFile section */

/* Begin PBXContainerItemProxy section */
		AC35851E2CBA04EE00C669E0 /* PBXContainerItemProxy */ = {
			isa = PBXContainerItemProxy;
			containerPortal = AC3584E22CBA04EC00C669E0 /* Project object */;
			proxyType = 1;
			remoteGlobalIDString = AC35851B2CBA04EE00C669E0;
			remoteInfo = "ClarityScout Extension (iOS)";
		};
		AC3585282CBA04EE00C669E0 /* PBXContainerItemProxy */ = {
			isa = PBXContainerItemProxy;
			containerPortal = AC3584E22CBA04EC00C669E0 /* Project object */;
			proxyType = 1;
			remoteGlobalIDString = AC3585252CBA04EE00C669E0;
			remoteInfo = "ClarityScout Extension (macOS)";
		};
/* End PBXContainerItemProxy section */

/* Begin PBXCopyFilesBuildPhase section */
		AC3585502CBA04EE00C669E0 /* Embed Foundation Extensions */ = {
			isa = PBXCopyFilesBuildPhase;
			buildActionMask = 2147483647;
			dstPath = "";
			dstSubfolderSpec = 13;
			files = (
				AC35851D2CBA04EE00C669E0 /* ClarityScout Extension.appex in Embed Foundation Extensions */,
			);
			name = "Embed Foundation Extensions";
			runOnlyForDeploymentPostprocessing = 0;
		};
		AC35855A2CBA04EE00C669E0 /* Embed Foundation Extensions */ = {
			isa = PBXCopyFilesBuildPhase;
			buildActionMask = 2147483647;
			dstPath = "";
			dstSubfolderSpec = 13;
			files = (
				AC3585272CBA04EE00C669E0 /* ClarityScout Extension.appex in Embed Foundation Extensions */,
			);
			name = "Embed Foundation Extensions";
			runOnlyForDeploymentPostprocessing = 0;
		};
/* End PBXCopyFilesBuildPhase section */

/* Begin PBXFileReference section */
		AC3584FE2CBA04EE00C669E0 /* ClarityScout.app */ = {isa = PBXFileReference; explicitFileType = wrapper.application; includeInIndex = 0; path = ClarityScout.app; sourceTree = BUILT_PRODUCTS_DIR; };
		AC3585102CBA04EE00C669E0 /* ClarityScout.app */ = {isa = PBXFileReference; explicitFileType = wrapper.application; includeInIndex = 0; path = ClarityScout.app; sourceTree = BUILT_PRODUCTS_DIR; };
		AC35851C2CBA04EE00C669E0 /* ClarityScout Extension.appex */ = {isa = PBXFileReference; explicitFileType = "wrapper.app-extension"; includeInIndex = 0; path = "ClarityScout Extension.appex"; sourceTree = BUILT_PRODUCTS_DIR; };
		AC3585262CBA04EE00C669E0 /* ClarityScout Extension.appex */ = {isa = PBXFileReference; explicitFileType = "wrapper.app-extension"; includeInIndex = 0; path = "ClarityScout Extension.appex"; sourceTree = BUILT_PRODUCTS_DIR; };
/* End PBXFileReference section */

/* Begin PBXFileSystemSynchronizedBuildFileExceptionSet section */
		AC35854B2CBA04EE00C669E0 /* Exceptions for "Shared (App)" folder in "ClarityScout (iOS)" target */ = {
			isa = PBXFileSystemSynchronizedBuildFileExceptionSet;
			membershipExceptions = (
				"/Localized: Resources/Main.html",
				Assets.xcassets,
				Resources/Icon.png,
				Resources/Script.js,
				Resources/Style.css,
				ViewController.swift,
			);
			target = AC3584FD2CBA04EE00C669E0 /* ClarityScout (iOS) */;
		};
		AC35854F2CBA04EE00C669E0 /* Exceptions for "iOS (Extension)" folder in "ClarityScout Extension (iOS)" target */ = {
			isa = PBXFileSystemSynchronizedBuildFileExceptionSet;
			membershipExceptions = (
				Info.plist,
			);
			target = AC35851B2CBA04EE00C669E0 /* ClarityScout Extension (iOS) */;
		};
		AC3585542CBA04EE00C669E0 /* Exceptions for "iOS (App)" folder in "ClarityScout (iOS)" target */ = {
			isa = PBXFileSystemSynchronizedBuildFileExceptionSet;
			membershipExceptions = (
				Info.plist,
			);
			target = AC3584FD2CBA04EE00C669E0 /* ClarityScout (iOS) */;
		};
		AC3585552CBA04EE00C669E0 /* Exceptions for "Shared (App)" folder in "ClarityScout (macOS)" target */ = {
			isa = PBXFileSystemSynchronizedBuildFileExceptionSet;
			membershipExceptions = (
				"/Localized: Resources/Main.html",
				Assets.xcassets,
				Resources/Icon.png,
				Resources/Script.js,
				Resources/Style.css,
				ViewController.swift,
			);
			target = AC35850F2CBA04EE00C669E0 /* ClarityScout (macOS) */;
		};
		AC3585592CBA04EE00C669E0 /* Exceptions for "macOS (Extension)" folder in "ClarityScout Extension (macOS)" target */ = {
			isa = PBXFileSystemSynchronizedBuildFileExceptionSet;
			membershipExceptions = (
				Info.plist,
			);
			target = AC3585252CBA04EE00C669E0 /* ClarityScout Extension (macOS) */;
		};
		AC35855E2CBA04EE00C669E0 /* Exceptions for "Shared (Extension)" folder in "ClarityScout Extension (iOS)" target */ = {
			isa = PBXFileSystemSynchronizedBuildFileExceptionSet;
			membershipExceptions = (
				Resources/_locales,
				Resources/background.js,
				Resources/content.js,
				Resources/images,
				Resources/manifest.json,
				Resources/popup.css,
				Resources/popup.html,
				Resources/popup.js,
				SafariWebExtensionHandler.swift,
			);
			target = AC35851B2CBA04EE00C669E0 /* ClarityScout Extension (iOS) */;
		};
		AC35855F2CBA04EE00C669E0 /* Exceptions for "Shared (Extension)" folder in "ClarityScout Extension (macOS)" target */ = {
			isa = PBXFileSystemSynchronizedBuildFileExceptionSet;
			membershipExceptions = (
				Resources/_locales,
				Resources/background.js,
				Resources/content.js,
				Resources/images,
				Resources/manifest.json,
				Resources/popup.css,
				Resources/popup.html,
				Resources/popup.js,
				SafariWebExtensionHandler.swift,
			);
			target = AC3585252CBA04EE00C669E0 /* ClarityScout Extension (macOS) */;
		};
/* End PBXFileSystemSynchronizedBuildFileExceptionSet section */

/* Begin PBXFileSystemSynchronizedRootGroup section */
		AC3584E62CBA04ED00C669E0 /* Shared (App) */ = {
			isa = PBXFileSystemSynchronizedRootGroup;
			exceptions = (
				AC35854B2CBA04EE00C669E0 /* Exceptions for "Shared (App)" folder in "ClarityScout (iOS)" target */,
				AC3585552CBA04EE00C669E0 /* Exceptions for "Shared (App)" folder in "ClarityScout (macOS)" target */,
			);
			path = "Shared (App)";
			sourceTree = "<group>";
		};
		AC3584EF2CBA04EE00C669E0 /* Shared (Extension) */ = {
			isa = PBXFileSystemSynchronizedRootGroup;
			exceptions = (
				AC35855E2CBA04EE00C669E0 /* Exceptions for "Shared (Extension)" folder in "ClarityScout Extension (iOS)" target */,
				AC35855F2CBA04EE00C669E0 /* Exceptions for "Shared (Extension)" folder in "ClarityScout Extension (macOS)" target */,
			);
			explicitFolders = (
				Resources/_locales,
				Resources/images,
			);
			path = "Shared (Extension)";
			sourceTree = "<group>";
		};
		AC3585002CBA04EE00C669E0 /* iOS (App) */ = {
			isa = PBXFileSystemSynchronizedRootGroup;
			exceptions = (
				AC3585542CBA04EE00C669E0 /* Exceptions for "iOS (App)" folder in "ClarityScout (iOS)" target */,
			);
			path = "iOS (App)";
			sourceTree = "<group>";
		};
		AC3585112CBA04EE00C669E0 /* macOS (App) */ = {
			isa = PBXFileSystemSynchronizedRootGroup;
			path = "macOS (App)";
			sourceTree = "<group>";
		};
		AC3585202CBA04EE00C669E0 /* iOS (Extension) */ = {
			isa = PBXFileSystemSynchronizedRootGroup;
			exceptions = (
				AC35854F2CBA04EE00C669E0 /* Exceptions for "iOS (Extension)" folder in "ClarityScout Extension (iOS)" target */,
			);
			path = "iOS (Extension)";
			sourceTree = "<group>";
		};
		AC35852A2CBA04EE00C669E0 /* macOS (Extension) */ = {
			isa = PBXFileSystemSynchronizedRootGroup;
			exceptions = (
				AC3585592CBA04EE00C669E0 /* Exceptions for "macOS (Extension)" folder in "ClarityScout Extension (macOS)" target */,
			);
			path = "macOS (Extension)";
			sourceTree = "<group>";
		};
/* End PBXFileSystemSynchronizedRootGroup section */

/* Begin PBXFrameworksBuildPhase section */
		AC3584FB2CBA04EE00C669E0 /* Frameworks */ = {
			isa = PBXFrameworksBuildPhase;
			buildActionMask = 2147483647;
			files = (
			);
			runOnlyForDeploymentPostprocessing = 0;
		};
		AC35850D2CBA04EE00C669E0 /* Frameworks */ = {
			isa = PBXFrameworksBuildPhase;
			buildActionMask = 2147483647;
			files = (
			);
			runOnlyForDeploymentPostprocessing = 0;
		};
		AC3585192CBA04EE00C669E0 /* Frameworks */ = {
			isa = PBXFrameworksBuildPhase;
			buildActionMask = 2147483647;
			files = (
			);
			runOnlyForDeploymentPostprocessing = 0;
		};
		AC3585232CBA04EE00C669E0 /* Frameworks */ = {
			isa = PBXFrameworksBuildPhase;
			buildActionMask = 2147483647;
			files = (
			);
			runOnlyForDeploymentPostprocessing = 0;
		};
/* End PBXFrameworksBuildPhase section */

/* Begin PBXGroup section */
		AC3584E12CBA04EC00C669E0 = {
			isa = PBXGroup;
			children = (
				AC3584E62CBA04ED00C669E0 /* Shared (App) */,
				AC3584EF2CBA04EE00C669E0 /* Shared (Extension) */,
				AC3585002CBA04EE00C669E0 /* iOS (App) */,
				AC3585112CBA04EE00C669E0 /* macOS (App) */,
				AC3585202CBA04EE00C669E0 /* iOS (Extension) */,
				AC35852A2CBA04EE00C669E0 /* macOS (Extension) */,
				AC3584FF2CBA04EE00C669E0 /* Products */,
			);
			sourceTree = "<group>";
		};
		AC3584FF2CBA04EE00C669E0 /* Products */ = {
			isa = PBXGroup;
			children = (
				AC3584FE2CBA04EE00C669E0 /* ClarityScout.app */,
				AC3585102CBA04EE00C669E0 /* ClarityScout.app */,
				AC35851C2CBA04EE00C669E0 /* ClarityScout Extension.appex */,
				AC3585262CBA04EE00C669E0 /* ClarityScout Extension.appex */,
			);
			name = Products;
			sourceTree = "<group>";
		};
/* End PBXGroup section */

/* Begin PBXNativeTarget section */
		AC3584FD2CBA04EE00C669E0 /* ClarityScout (iOS) */ = {
			isa = PBXNativeTarget;
			buildConfigurationList = AC3585512CBA04EE00C669E0 /* Build configuration list for PBXNativeTarget "ClarityScout (iOS)" */;
			buildPhases = (
				AC3584FA2CBA04EE00C669E0 /* Sources */,
				AC3584FB2CBA04EE00C669E0 /* Frameworks */,
				AC3584FC2CBA04EE00C669E0 /* Resources */,
				AC3585502CBA04EE00C669E0 /* Embed Foundation Extensions */,
			);
			buildRules = (
			);
			dependencies = (
				AC35851F2CBA04EE00C669E0 /* PBXTargetDependency */,
			);
			fileSystemSynchronizedGroups = (
				AC3585002CBA04EE00C669E0 /* iOS (App) */,
			);
			name = "ClarityScout (iOS)";
			packageProductDependencies = (
			);
			productName = "ClarityScout (iOS)";
			productReference = AC3584FE2CBA04EE00C669E0 /* ClarityScout.app */;
			productType = "com.apple.product-type.application";
		};
		AC35850F2CBA04EE00C669E0 /* ClarityScout (macOS) */ = {
			isa = PBXNativeTarget;
			buildConfigurationList = AC35855B2CBA04EE00C669E0 /* Build configuration list for PBXNativeTarget "ClarityScout (macOS)" */;
			buildPhases = (
				AC35850C2CBA04EE00C669E0 /* Sources */,
				AC35850D2CBA04EE00C669E0 /* Frameworks */,
				AC35850E2CBA04EE00C669E0 /* Resources */,
				AC35855A2CBA04EE00C669E0 /* Embed Foundation Extensions */,
			);
			buildRules = (
			);
			dependencies = (
				AC3585292CBA04EE00C669E0 /* PBXTargetDependency */,
			);
			fileSystemSynchronizedGroups = (
				AC3585112CBA04EE00C669E0 /* macOS (App) */,
			);
			name = "ClarityScout (macOS)";
			packageProductDependencies = (
			);
			productName = "ClarityScout (macOS)";
			productReference = AC3585102CBA04EE00C669E0 /* ClarityScout.app */;
			productType = "com.apple.product-type.application";
		};
		AC35851B2CBA04EE00C669E0 /* ClarityScout Extension (iOS) */ = {
			isa = PBXNativeTarget;
			buildConfigurationList = AC35854C2CBA04EE00C669E0 /* Build configuration list for PBXNativeTarget "ClarityScout Extension (iOS)" */;
			buildPhases = (
				AC3585182CBA04EE00C669E0 /* Sources */,
				AC3585192CBA04EE00C669E0 /* Frameworks */,
				AC35851A2CBA04EE00C669E0 /* Resources */,
			);
			buildRules = (
			);
			dependencies = (
			);
			fileSystemSynchronizedGroups = (
				AC3585202CBA04EE00C669E0 /* iOS (Extension) */,
			);
			name = "ClarityScout Extension (iOS)";
			packageProductDependencies = (
			);
			productName = "ClarityScout Extension (iOS)";
			productReference = AC35851C2CBA04EE00C669E0 /* ClarityScout Extension.appex */;
			productType = "com.apple.product-type.app-extension";
		};
		AC3585252CBA04EE00C669E0 /* ClarityScout Extension (macOS) */ = {
			isa = PBXNativeTarget;
			buildConfigurationList = AC3585562CBA04EE00C669E0 /* Build configuration list for PBXNativeTarget "ClarityScout Extension (macOS)" */;
			buildPhases = (
				AC3585222CBA04EE00C669E0 /* Sources */,
				AC3585232CBA04EE00C669E0 /* Frameworks */,
				AC3585242CBA04EE00C669E0 /* Resources */,
			);
			buildRules = (
			);
			dependencies = (
			);
			fileSystemSynchronizedGroups = (
				AC35852A2CBA04EE00C669E0 /* macOS (Extension) */,
			);
			name = "ClarityScout Extension (macOS)";
			packageProductDependencies = (
			);
			productName = "ClarityScout Extension (macOS)";
			productReference = AC3585262CBA04EE00C669E0 /* ClarityScout Extension.appex */;
			productType = "com.apple.product-type.app-extension";
		};
/* End PBXNativeTarget section */

/* Begin PBXProject section */
		AC3584E22CBA04EC00C669E0 /* Project object */ = {
			isa = PBXProject;
			attributes = {
				BuildIndependentTargetsInParallel = 1;
				LastSwiftUpdateCheck = 1600;
				LastUpgradeCheck = 1600;
				TargetAttributes = {
					AC3584FD2CBA04EE00C669E0 = {
						CreatedOnToolsVersion = 16.0;
					};
					AC35850F2CBA04EE00C669E0 = {
						CreatedOnToolsVersion = 16.0;
					};
					AC35851B2CBA04EE00C669E0 = {
						CreatedOnToolsVersion = 16.0;
					};
					AC3585252CBA04EE00C669E0 = {
						CreatedOnToolsVersion = 16.0;
					};
				};
			};
			buildConfigurationList = AC3584E52CBA04EC00C669E0 /* Build configuration list for PBXProject "ClarityScout" */;
			developmentRegion = en;
			hasScannedForEncodings = 0;
			knownRegions = (
				en,
				Base,
			);
			mainGroup = AC3584E12CBA04EC00C669E0;
			minimizedProjectReferenceProxies = 1;
			preferredProjectObjectVersion = 77;
			productRefGroup = AC3584FF2CBA04EE00C669E0 /* Products */;
			projectDirPath = "";
			projectRoot = "";
			targets = (
				AC3584FD2CBA04EE00C669E0 /* ClarityScout (iOS) */,
				AC35850F2CBA04EE00C669E0 /* ClarityScout (macOS) */,
				AC35851B2CBA04EE00C669E0 /* ClarityScout Extension (iOS) */,
				AC3585252CBA04EE00C669E0 /* ClarityScout Extension (macOS) */,
			);
		};
/* End PBXProject section */

/* Begin PBXResourcesBuildPhase section */
		AC3584FC2CBA04EE00C669E0 /* Resources */ = {
			isa = PBXResourcesBuildPhase;
			buildActionMask = 2147483647;
			files = (
			);
			runOnlyForDeploymentPostprocessing = 0;
		};
		AC35850E2CBA04EE00C669E0 /* Resources */ = {
			isa = PBXResourcesBuildPhase;
			buildActionMask = 2147483647;
			files = (
			);
			runOnlyForDeploymentPostprocessing = 0;
		};
		AC35851A2CBA04EE00C669E0 /* Resources */ = {
			isa = PBXResourcesBuildPhase;
			buildActionMask = 2147483647;
			files = (
			);
			runOnlyForDeploymentPostprocessing = 0;
		};
		AC3585242CBA04EE00C669E0 /* Resources */ = {
			isa = PBXResourcesBuildPhase;
			buildActionMask = 2147483647;
			files = (
			);
			runOnlyForDeploymentPostprocessing = 0;
		};
/* End PBXResourcesBuildPhase section */

/* Begin PBXSourcesBuildPhase section */
		AC3584FA2CBA04EE00C669E0 /* Sources */ = {
			isa = PBXSourcesBuildPhase;
			buildActionMask = 2147483647;
			files = (
			);
			runOnlyForDeploymentPostprocessing = 0;
		};
		AC35850C2CBA04EE00C669E0 /* Sources */ = {
			isa = PBXSourcesBuildPhase;
			buildActionMask = 2147483647;
			files = (
			);
			runOnlyForDeploymentPostprocessing = 0;
		};
		AC3585182CBA04EE00C669E0 /* Sources */ = {
			isa = PBXSourcesBuildPhase;
			buildActionMask = 2147483647;
			files = (
			);
			runOnlyForDeploymentPostprocessing = 0;
		};
		AC3585222CBA04EE00C669E0 /* Sources */ = {
			isa = PBXSourcesBuildPhase;
			buildActionMask = 2147483647;
			files = (
			);
			runOnlyForDeploymentPostprocessing = 0;
		};
/* End PBXSourcesBuildPhase section */

/* Begin PBXTargetDependency section */
		AC35851F2CBA04EE00C669E0 /* PBXTargetDependency */ = {
			isa = PBXTargetDependency;
			target = AC35851B2CBA04EE00C669E0 /* ClarityScout Extension (iOS) */;
			targetProxy = AC35851E2CBA04EE00C669E0 /* PBXContainerItemProxy */;
		};
		AC3585292CBA04EE00C669E0 /* PBXTargetDependency */ = {
			isa = PBXTargetDependency;
			target = AC3585252CBA04EE00C669E0 /* ClarityScout Extension (macOS) */;
			targetProxy = AC3585282CBA04EE00C669E0 /* PBXContainerItemProxy */;
		};
/* End PBXTargetDependency section */

/* Begin XCBuildConfiguration section */
		AC35854D2CBA04EE00C669E0 /* Debug */ = {
			isa = XCBuildConfiguration;
			buildSettings = {
				CODE_SIGN_STYLE = Automatic;
				CURRENT_PROJECT_VERSION = 1;
				DEVELOPMENT_TEAM = Z2Z49BY2NB;
				GENERATE_INFOPLIST_FILE = YES;
				INFOPLIST_FILE = "iOS (Extension)/Info.plist";
				INFOPLIST_KEY_CFBundleDisplayName = "ClarityScout Extension";
				INFOPLIST_KEY_NSHumanReadableCopyright = "";
				IPHONEOS_DEPLOYMENT_TARGET = 15.0;
				LD_RUNPATH_SEARCH_PATHS = (
					"$(inherited)",
					"@executable_path/Frameworks",
					"@executable_path/../../Frameworks",
				);
				MARKETING_VERSION = 1.0;
				OTHER_LDFLAGS = (
					"-framework",
					SafariServices,
				);
				PRODUCT_BUNDLE_IDENTIFIER = com.amansharma.ClarityScout.ClarityScout.Extension;
				PRODUCT_NAME = "ClarityScout Extension";
				SDKROOT = iphoneos;
				SKIP_INSTALL = YES;
				SWIFT_EMIT_LOC_STRINGS = YES;
				SWIFT_VERSION = 5.0;
				TARGETED_DEVICE_FAMILY = "1,2";
			};
			name = Debug;
		};
		AC35854E2CBA04EE00C669E0 /* Release */ = {
			isa = XCBuildConfiguration;
			buildSettings = {
				CODE_SIGN_STYLE = Automatic;
				CURRENT_PROJECT_VERSION = 1;
				DEVELOPMENT_TEAM = Z2Z49BY2NB;
				GENERATE_INFOPLIST_FILE = YES;
				INFOPLIST_FILE = "iOS (Extension)/Info.plist";
				INFOPLIST_KEY_CFBundleDisplayName = "ClarityScout Extension";
				INFOPLIST_KEY_NSHumanReadableCopyright = "";
				IPHONEOS_DEPLOYMENT_TARGET = 15.0;
				LD_RUNPATH_SEARCH_PATHS = (
					"$(inherited)",
					"@executable_path/Frameworks",
					"@executable_path/../../Frameworks",
				);
				MARKETING_VERSION = 1.0;
				OTHER_LDFLAGS = (
					"-framework",
					SafariServices,
				);
				PRODUCT_BUNDLE_IDENTIFIER = com.amansharma.ClarityScout.ClarityScout.Extension;
				PRODUCT_NAME = "ClarityScout Extension";
				SDKROOT = iphoneos;
				SKIP_INSTALL = YES;
				SWIFT_EMIT_LOC_STRINGS = YES;
				SWIFT_VERSION = 5.0;
				TARGETED_DEVICE_FAMILY = "1,2";
				VALIDATE_PRODUCT = YES;
			};
			name = Release;
		};
		AC3585522CBA04EE00C669E0 /* Debug */ = {
			isa = XCBuildConfiguration;
			buildSettings = {
				ASSETCATALOG_COMPILER_APPICON_NAME = AppIcon;
				ASSETCATALOG_COMPILER_GLOBAL_ACCENT_COLOR_NAME = AccentColor;
				CODE_SIGN_STYLE = Automatic;
				CURRENT_PROJECT_VERSION = 1;
				DEVELOPMENT_TEAM = Z2Z49BY2NB;
				GENERATE_INFOPLIST_FILE = YES;
				INFOPLIST_FILE = "iOS (App)/Info.plist";
				INFOPLIST_KEY_CFBundleDisplayName = ClarityScout;
				INFOPLIST_KEY_UIApplicationSupportsIndirectInputEvents = YES;
				INFOPLIST_KEY_UILaunchStoryboardName = LaunchScreen;
				INFOPLIST_KEY_UIMainStoryboardFile = Main;
				INFOPLIST_KEY_UISupportedInterfaceOrientations = "UIInterfaceOrientationPortrait UIInterfaceOrientationLandscapeLeft UIInterfaceOrientationLandscapeRight";
				INFOPLIST_KEY_UISupportedInterfaceOrientations_iPad = "UIInterfaceOrientationPortrait UIInterfaceOrientationPortraitUpsideDown UIInterfaceOrientationLandscapeLeft UIInterfaceOrientationLandscapeRight";
				IPHONEOS_DEPLOYMENT_TARGET = 15.0;
				LD_RUNPATH_SEARCH_PATHS = (
					"$(inherited)",
					"@executable_path/Frameworks",
				);
				MARKETING_VERSION = 1.0;
				OTHER_LDFLAGS = (
					"-framework",
					SafariServices,
					"-framework",
					WebKit,
				);
				PRODUCT_BUNDLE_IDENTIFIER = com.amansharma.ClarityScout.ClarityScout;
				PRODUCT_NAME = ClarityScout;
				SDKROOT = iphoneos;
				SWIFT_EMIT_LOC_STRINGS = YES;
				SWIFT_VERSION = 5.0;
				TARGETED_DEVICE_FAMILY = "1,2";
			};
			name = Debug;
		};
		AC3585532CBA04EE00C669E0 /* Release */ = {
			isa = XCBuildConfiguration;
			buildSettings = {
				ASSETCATALOG_COMPILER_APPICON_NAME = AppIcon;
				ASSETCATALOG_COMPILER_GLOBAL_ACCENT_COLOR_NAME = AccentColor;
				CODE_SIGN_STYLE = Automatic;
				CURRENT_PROJECT_VERSION = 1;
				DEVELOPMENT_TEAM = Z2Z49BY2NB;
				GENERATE_INFOPLIST_FILE = YES;
				INFOPLIST_FILE = "iOS (App)/Info.plist";
				INFOPLIST_KEY_CFBundleDisplayName = ClarityScout;
				INFOPLIST_KEY_UIApplicationSupportsIndirectInputEvents = YES;
				INFOPLIST_KEY_UILaunchStoryboardName = LaunchScreen;
				INFOPLIST_KEY_UIMainStoryboardFile = Main;
				INFOPLIST_KEY_UISupportedInterfaceOrientations = "UIInterfaceOrientationPortrait UIInterfaceOrientationLandscapeLeft UIInterfaceOrientationLandscapeRight";
				INFOPLIST_KEY_UISupportedInterfaceOrientations_iPad = "UIInterfaceOrientationPortrait UIInterfaceOrientationPortraitUpsideDown UIInterfaceOrientationLandscapeLeft UIInterfaceOrientationLandscapeRight";
				IPHONEOS_DEPLOYMENT_TARGET = 15.0;
				LD_RUNPATH_SEARCH_PATHS = (
					"$(inherited)",
					"@executable_path/Frameworks",
				);
				MARKETING_VERSION = 1.0;
				OTHER_LDFLAGS = (
					"-framework",
					SafariServices,
					"-framework",
					WebKit,
				);
				PRODUCT_BUNDLE_IDENTIFIER = com.amansharma.ClarityScout.ClarityScout;
				PRODUCT_NAME = ClarityScout;
				SDKROOT = iphoneos;
				SWIFT_EMIT_LOC_STRINGS = YES;
				SWIFT_VERSION = 5.0;
				TARGETED_DEVICE_FAMILY = "1,2";
				VALIDATE_PRODUCT = YES;
			};
			name = Release;
		};
		AC3585572CBA04EE00C669E0 /* Debug */ = {
			isa = XCBuildConfiguration;
			buildSettings = {
				CODE_SIGN_ENTITLEMENTS = "macOS (Extension)/ClarityScout.entitlements";
				CODE_SIGN_STYLE = Automatic;
				CURRENT_PROJECT_VERSION = 1;
				DEVELOPMENT_TEAM = Z2Z49BY2NB;
				ENABLE_HARDENED_RUNTIME = YES;
				GENERATE_INFOPLIST_FILE = YES;
				INFOPLIST_FILE = "macOS (Extension)/Info.plist";
				INFOPLIST_KEY_CFBundleDisplayName = "ClarityScout Extension";
				INFOPLIST_KEY_NSHumanReadableCopyright = "";
				LD_RUNPATH_SEARCH_PATHS = (
					"$(inherited)",
					"@executable_path/../Frameworks",
					"@executable_path/../../../../Frameworks",
				);
				MACOSX_DEPLOYMENT_TARGET = 10.14;
				MARKETING_VERSION = 1.0;
				OTHER_LDFLAGS = (
					"-framework",
					SafariServices,
				);
				PRODUCT_BUNDLE_IDENTIFIER = com.amansharma.ClarityScout.ClarityScout.Extension;
				PRODUCT_NAME = "ClarityScout Extension";
				SDKROOT = macosx;
				SKIP_INSTALL = YES;
				SWIFT_EMIT_LOC_STRINGS = YES;
				SWIFT_VERSION = 5.0;
			};
			name = Debug;
		};
		AC3585582CBA04EE00C669E0 /* Release */ = {
			isa = XCBuildConfiguration;
			buildSettings = {
				CODE_SIGN_ENTITLEMENTS = "macOS (Extension)/ClarityScout.entitlements";
				CODE_SIGN_STYLE = Automatic;
				CURRENT_PROJECT_VERSION = 1;
				DEVELOPMENT_TEAM = Z2Z49BY2NB;
				ENABLE_HARDENED_RUNTIME = YES;
				GENERATE_INFOPLIST_FILE = YES;
				INFOPLIST_FILE = "macOS (Extension)/Info.plist";
				INFOPLIST_KEY_CFBundleDisplayName = "ClarityScout Extension";
				INFOPLIST_KEY_NSHumanReadableCopyright = "";
				LD_RUNPATH_SEARCH_PATHS = (
					"$(inherited)",
					"@executable_path/../Frameworks",
					"@executable_path/../../../../Frameworks",
				);
				MACOSX_DEPLOYMENT_TARGET = 10.14;
				MARKETING_VERSION = 1.0;
				OTHER_LDFLAGS = (
					"-framework",
					SafariServices,
				);
				PRODUCT_BUNDLE_IDENTIFIER = com.amansharma.ClarityScout.ClarityScout.Extension;
				PRODUCT_NAME = "ClarityScout Extension";
				SDKROOT = macosx;
				SKIP_INSTALL = YES;
				SWIFT_EMIT_LOC_STRINGS = YES;
				SWIFT_VERSION = 5.0;
			};
			name = Release;
		};
		AC35855C2CBA04EE00C669E0 /* Debug */ = {
			isa = XCBuildConfiguration;
			buildSettings = {
				ASSETCATALOG_COMPILER_APPICON_NAME = AppIcon;
				ASSETCATALOG_COMPILER_GLOBAL_ACCENT_COLOR_NAME = AccentColor;
				CODE_SIGN_ENTITLEMENTS = "macOS (App)/ClarityScout.entitlements";
				CODE_SIGN_STYLE = Automatic;
				CURRENT_PROJECT_VERSION = 1;
				DEVELOPMENT_TEAM = Z2Z49BY2NB;
				ENABLE_HARDENED_RUNTIME = YES;
				GENERATE_INFOPLIST_FILE = YES;
				INFOPLIST_KEY_CFBundleDisplayName = ClarityScout;
				INFOPLIST_KEY_NSMainStoryboardFile = Main;
				INFOPLIST_KEY_NSPrincipalClass = NSApplication;
				LD_RUNPATH_SEARCH_PATHS = (
					"$(inherited)",
					"@executable_path/../Frameworks",
				);
				MACOSX_DEPLOYMENT_TARGET = 10.14;
				MARKETING_VERSION = 1.0;
				OTHER_LDFLAGS = (
					"-framework",
					SafariServices,
					"-framework",
					WebKit,
				);
				PRODUCT_BUNDLE_IDENTIFIER = com.amansharma.ClarityScout.ClarityScout;
				PRODUCT_NAME = ClarityScout;
				SDKROOT = macosx;
				SWIFT_EMIT_LOC_STRINGS = YES;
				SWIFT_VERSION = 5.0;
			};
			name = Debug;
		};
		AC35855D2CBA04EE00C669E0 /* Release */ = {
			isa = XCBuildConfiguration;
			buildSettings = {
				ASSETCATALOG_COMPILER_APPICON_NAME = AppIcon;
				ASSETCATALOG_COMPILER_GLOBAL_ACCENT_COLOR_NAME = AccentColor;
				CODE_SIGN_ENTITLEMENTS = "macOS (App)/ClarityScout.entitlements";
				CODE_SIGN_STYLE = Automatic;
				CURRENT_PROJECT_VERSION = 1;
				DEVELOPMENT_TEAM = Z2Z49BY2NB;
				ENABLE_HARDENED_RUNTIME = YES;
				GENERATE_INFOPLIST_FILE = YES;
				INFOPLIST_KEY_CFBundleDisplayName = ClarityScout;
				INFOPLIST_KEY_NSMainStoryboardFile = Main;
				INFOPLIST_KEY_NSPrincipalClass = NSApplication;
				LD_RUNPATH_SEARCH_PATHS = (
					"$(inherited)",
					"@executable_path/../Frameworks",
				);
				MACOSX_DEPLOYMENT_TARGET = 10.14;
				MARKETING_VERSION = 1.0;
				OTHER_LDFLAGS = (
					"-framework",
					SafariServices,
					"-framework",
					WebKit,
				);
				PRODUCT_BUNDLE_IDENTIFIER = com.amansharma.ClarityScout.ClarityScout;
				PRODUCT_NAME = ClarityScout;
				SDKROOT = macosx;
				SWIFT_EMIT_LOC_STRINGS = YES;
				SWIFT_VERSION = 5.0;
			};
			name = Release;
		};
		AC3585602CBA04EE00C669E0 /* Debug */ = {
			isa = XCBuildConfiguration;
			buildSettings = {
				ALWAYS_SEARCH_USER_PATHS = NO;
				ASSETCATALOG_COMPILER_GENERATE_SWIFT_ASSET_SYMBOL_EXTENSIONS = YES;
				CLANG_ANALYZER_NONNULL = YES;
				CLANG_ANALYZER_NUMBER_OBJECT_CONVERSION = YES_AGGRESSIVE;
				CLANG_CXX_LANGUAGE_STANDARD = "gnu++20";
				CLANG_ENABLE_MODULES = YES;
				CLANG_ENABLE_OBJC_ARC = YES;
				CLANG_ENABLE_OBJC_WEAK = YES;
				CLANG_WARN_BLOCK_CAPTURE_AUTORELEASING = YES;
				CLANG_WARN_BOOL_CONVERSION = YES;
				CLANG_WARN_COMMA = YES;
				CLANG_WARN_CONSTANT_CONVERSION = YES;
				CLANG_WARN_DEPRECATED_OBJC_IMPLEMENTATIONS = YES;
				CLANG_WARN_DIRECT_OBJC_ISA_USAGE = YES_ERROR;
				CLANG_WARN_DOCUMENTATION_COMMENTS = YES;
				CLANG_WARN_EMPTY_BODY = YES;
				CLANG_WARN_ENUM_CONVERSION = YES;
				CLANG_WARN_INFINITE_RECURSION = YES;
				CLANG_WARN_INT_CONVERSION = YES;
				CLANG_WARN_NON_LITERAL_NULL_CONVERSION = YES;
				CLANG_WARN_OBJC_IMPLICIT_RETAIN_SELF = YES;
				CLANG_WARN_OBJC_LITERAL_CONVERSION = YES;
				CLANG_WARN_OBJC_ROOT_CLASS = YES_ERROR;
				CLANG_WARN_QUOTED_INCLUDE_IN_FRAMEWORK_HEADER = YES;
				CLANG_WARN_RANGE_LOOP_ANALYSIS = YES;
				CLANG_WARN_STRICT_PROTOTYPES = YES;
				CLANG_WARN_SUSPICIOUS_MOVE = YES;
				CLANG_WARN_UNGUARDED_AVAILABILITY = YES_AGGRESSIVE;
				CLANG_WARN_UNREACHABLE_CODE = YES;
				CLANG_WARN__DUPLICATE_METHOD_MATCH = YES;
				COPY_PHASE_STRIP = NO;
				DEBUG_INFORMATION_FORMAT = dwarf;
				ENABLE_STRICT_OBJC_MSGSEND = YES;
				ENABLE_TESTABILITY = YES;
				ENABLE_USER_SCRIPT_SANDBOXING = YES;
				GCC_C_LANGUAGE_STANDARD = gnu17;
				GCC_DYNAMIC_NO_PIC = NO;
				GCC_NO_COMMON_BLOCKS = YES;
				GCC_OPTIMIZATION_LEVEL = 0;
				GCC_PREPROCESSOR_DEFINITIONS = (
					"DEBUG=1",
					"$(inherited)",
				);
				GCC_WARN_64_TO_32_BIT_CONVERSION = YES;
				GCC_WARN_ABOUT_RETURN_TYPE = YES_ERROR;
				GCC_WARN_UNDECLARED_SELECTOR = YES;
				GCC_WARN_UNINITIALIZED_AUTOS = YES_AGGRESSIVE;
				GCC_WARN_UNUSED_FUNCTION = YES;
				GCC_WARN_UNUSED_VARIABLE = YES;
				LOCALIZATION_PREFERS_STRING_CATALOGS = YES;
				MTL_ENABLE_DEBUG_INFO = INCLUDE_SOURCE;
				MTL_FAST_MATH = YES;
				ONLY_ACTIVE_ARCH = YES;
				SWIFT_ACTIVE_COMPILATION_CONDITIONS = "DEBUG $(inherited)";
				SWIFT_OPTIMIZATION_LEVEL = "-Onone";
			};
			name = Debug;
		};
		AC3585612CBA04EE00C669E0 /* Release */ = {
			isa = XCBuildConfiguration;
			buildSettings = {
				ALWAYS_SEARCH_USER_PATHS = NO;
				ASSETCATALOG_COMPILER_GENERATE_SWIFT_ASSET_SYMBOL_EXTENSIONS = YES;
				CLANG_ANALYZER_NONNULL = YES;
				CLANG_ANALYZER_NUMBER_OBJECT_CONVERSION = YES_AGGRESSIVE;
				CLANG_CXX_LANGUAGE_STANDARD = "gnu++20";
				CLANG_ENABLE_MODULES = YES;
				CLANG_ENABLE_OBJC_ARC = YES;
				CLANG_ENABLE_OBJC_WEAK = YES;
				CLANG_WARN_BLOCK_CAPTURE_AUTORELEASING = YES;
				CLANG_WARN_BOOL_CONVERSION = YES;
				CLANG_WARN_COMMA = YES;
				CLANG_WARN_CONSTANT_CONVERSION = YES;
				CLANG_WARN_DEPRECATED_OBJC_IMPLEMENTATIONS = YES;
				CLANG_WARN_DIRECT_OBJC_ISA_USAGE = YES_ERROR;
				CLANG_WARN_DOCUMENTATION_COMMENTS = YES;
				CLANG_WARN_EMPTY_BODY = YES;
				CLANG_WARN_ENUM_CONVERSION = YES;
				CLANG_WARN_INFINITE_RECURSION = YES;
				CLANG_WARN_INT_CONVERSION = YES;
				CLANG_WARN_NON_LITERAL_NULL_CONVERSION = YES;
				CLANG_WARN_OBJC_IMPLICIT_RETAIN_SELF = YES;
				CLANG_WARN_OBJC_LITERAL_CONVERSION = YES;
				CLANG_WARN_OBJC_ROOT_CLASS = YES_ERROR;
				CLANG_WARN_QUOTED_INCLUDE_IN_FRAMEWORK_HEADER = YES;
				CLANG_WARN_RANGE_LOOP_ANALYSIS = YES;
				CLANG_WARN_STRICT_PROTOTYPES = YES;
				CLANG_WARN_SUSPICIOUS_MOVE = YES;
				CLANG_WARN_UNGUARDED_AVAILABILITY = YES_AGGRESSIVE;
				CLANG_WARN_UNREACHABLE_CODE = YES;
				CLANG_WARN__DUPLICATE_METHOD_MATCH = YES;
				COPY_PHASE_STRIP = NO;
				DEBUG_INFORMATION_FORMAT = "dwarf-with-dsym";
				ENABLE_NS_ASSERTIONS = NO;
				ENABLE_STRICT_OBJC_MSGSEND = YES;
				ENABLE_USER_SCRIPT_SANDBOXING = YES;
				GCC_C_LANGUAGE_STANDARD = gnu17;
				GCC_NO_COMMON_BLOCKS = YES;
				GCC_WARN_64_TO_32_BIT_CONVERSION = YES;
				GCC_WARN_ABOUT_RETURN_TYPE = YES_ERROR;
				GCC_WARN_UNDECLARED_SELECTOR = YES;
				GCC_WARN_UNINITIALIZED_AUTOS = YES_AGGRESSIVE;
				GCC_WARN_UNUSED_FUNCTION = YES;
				GCC_WARN_UNUSED_VARIABLE = YES;
				LOCALIZATION_PREFERS_STRING_CATALOGS = YES;
				MTL_ENABLE_DEBUG_INFO = NO;
				MTL_FAST_MATH = YES;
				SWIFT_COMPILATION_MODE = wholemodule;
			};
			name = Release;
		};
/* End XCBuildConfiguration section */

/* Begin XCConfigurationList section */
		AC3584E52CBA04EC00C669E0 /* Build configuration list for PBXProject "ClarityScout" */ = {
			isa = XCConfigurationList;
			buildConfigurations = (
				AC3585602CBA04EE00C669E0 /* Debug */,
				AC3585612CBA04EE00C669E0 /* Release */,
			);
			defaultConfigurationIsVisible = 0;
			defaultConfigurationName = Release;
		};
		AC35854C2CBA04EE00C669E0 /* Build configuration list for PBXNativeTarget "ClarityScout Extension (iOS)" */ = {
			isa = XCConfigurationList;
			buildConfigurations = (
				AC35854D2CBA04EE00C669E0 /* Debug */,
				AC35854E2CBA04EE00C669E0 /* Release */,
			);
			defaultConfigurationIsVisible = 0;
			defaultConfigurationName = Release;
		};
		AC3585512CBA04EE00C669E0 /* Build configuration list for PBXNativeTarget "ClarityScout (iOS)" */ = {
			isa = XCConfigurationList;
			buildConfigurations = (
				AC3585522CBA04EE00C669E0 /* Debug */,
				AC3585532CBA04EE00C669E0 /* Release */,
			);
			defaultConfigurationIsVisible = 0;
			defaultConfigurationName = Release;
		};
		AC3585562CBA04EE00C669E0 /* Build configuration list for PBXNativeTarget "ClarityScout Extension (macOS)" */ = {
			isa = XCConfigurationList;
			buildConfigurations = (
				AC3585572CBA04EE00C669E0 /* Debug */,
				AC3585582CBA04EE00C669E0 /* Release */,
			);
			defaultConfigurationIsVisible = 0;
			defaultConfigurationName = Release;
		};
		AC35855B2CBA04EE00C669E0 /* Build configuration list for PBXNativeTarget "ClarityScout (macOS)" */ = {
			isa = XCConfigurationList;
			buildConfigurations = (
				AC35855C2CBA04EE00C669E0 /* Debug */,
				AC35855D2CBA04EE00C669E0 /* Release */,
			);
			defaultConfigurationIsVisible = 0;
			defaultConfigurationName = Release;
		};
/* End XCConfigurationList section */
	};
	rootObject = AC3584E22CBA04EC00C669E0 /* Project object */;
}
